// !$*UTF8*$!
{
	archiveVersion = 1;
	classes = {
	};
	objectVersion = 55;
	objects = {

/* Begin PBXBuildFile section */
		8711C628286F945500E84876 /* OneEnemiesTypeWave.swift in Sources */ = {isa = PBXBuildFile; fileRef = 8711C627286F945500E84876 /* OneEnemiesTypeWave.swift */; };
		8711C62A286FACA300E84876 /* EnemiesWave.swift in Sources */ = {isa = PBXBuildFile; fileRef = 8711C629286FACA300E84876 /* EnemiesWave.swift */; };
		8711C632287564CA00E84876 /* Battle01.swift in Sources */ = {isa = PBXBuildFile; fileRef = 8711C631287564CA00E84876 /* Battle01.swift */; };
		875CB7DC28327D98003B4412 /* Extensions.swift in Sources */ = {isa = PBXBuildFile; fileRef = 875CB7DB28327D98003B4412 /* Extensions.swift */; };
		87B606BD2878FF0C003549AF /* EnemyWavesCreator.swift in Sources */ = {isa = PBXBuildFile; fileRef = 87B606BC2878FF0C003549AF /* EnemyWavesCreator.swift */; };
		87B606BF2878FF97003549AF /* BattleValuesCreator.swift in Sources */ = {isa = PBXBuildFile; fileRef = 87B606BE2878FF97003549AF /* BattleValuesCreator.swift */; };
		87B606C228790173003549AF /* BattleMeadowCreator.swift in Sources */ = {isa = PBXBuildFile; fileRef = 87B606C128790173003549AF /* BattleMeadowCreator.swift */; };
		87CA3D4B28267CF1000F952F /* WeakPropertyWrapper.swift in Sources */ = {isa = PBXBuildFile; fileRef = 87CA3D4A28267CF1000F952F /* WeakPropertyWrapper.swift */; };
		87CA3D4F2828FBE0000F952F /* TopBarView.swift in Sources */ = {isa = PBXBuildFile; fileRef = 87CA3D4E2828FBE0000F952F /* TopBarView.swift */; };
		87CA3D512829024C000F952F /* BottomBarView.swift in Sources */ = {isa = PBXBuildFile; fileRef = 87CA3D502829024C000F952F /* BottomBarView.swift */; };
		87CA3D5728294F17000F952F /* BattleManager.swift in Sources */ = {isa = PBXBuildFile; fileRef = 87CA3D5628294F17000F952F /* BattleManager.swift */; };
		87D51618285CC1BD00E3D7B8 /* Battle.swift in Sources */ = {isa = PBXBuildFile; fileRef = 87D51617285CC1BD00E3D7B8 /* Battle.swift */; };
		87ECCC562878E84F00E66C09 /* BattleMissionFactory.swift in Sources */ = {isa = PBXBuildFile; fileRef = 87ECCC552878E84F00E66C09 /* BattleMissionFactory.swift */; };
		87ECCC582878E87400E66C09 /* BattleMission.swift in Sources */ = {isa = PBXBuildFile; fileRef = 87ECCC572878E87400E66C09 /* BattleMission.swift */; };
		87ECCC5A2878E8A800E66C09 /* BattleMissionEnums.swift in Sources */ = {isa = PBXBuildFile; fileRef = 87ECCC592878E8A800E66C09 /* BattleMissionEnums.swift */; };
		AA0B68BE27E5B95C0078003D /* AbstactFactoryBuildings.swift in Sources */ = {isa = PBXBuildFile; fileRef = AA0B68BD27E5B95C0078003D /* AbstactFactoryBuildings.swift */; };
		AA0B68C027E5BA7D0078003D /* MagicTowerFactory.swift in Sources */ = {isa = PBXBuildFile; fileRef = AA0B68BF27E5BA7D0078003D /* MagicTowerFactory.swift */; };
		AA0B68C227E5BB150078003D /* ElphTowerFactory.swift in Sources */ = {isa = PBXBuildFile; fileRef = AA0B68C127E5BB150078003D /* ElphTowerFactory.swift */; };
		AA0B68C427E5BC140078003D /* Building.swift in Sources */ = {isa = PBXBuildFile; fileRef = AA0B68C327E5BC140078003D /* Building.swift */; };
		AA0B68C627E5BD1E0078003D /* MagicTowerFL.swift in Sources */ = {isa = PBXBuildFile; fileRef = AA0B68C527E5BD1E0078003D /* MagicTowerFL.swift */; };
		AA0B68C827E5BDC20078003D /* ElphTowerFL.swift in Sources */ = {isa = PBXBuildFile; fileRef = AA0B68C727E5BDC20078003D /* ElphTowerFL.swift */; };
		AA0B68CA27E5BDF10078003D /* MagicTowerSL.swift in Sources */ = {isa = PBXBuildFile; fileRef = AA0B68C927E5BDF10078003D /* MagicTowerSL.swift */; };
		AA0B68CC27E5BDFD0078003D /* ElphTowerSL.swift in Sources */ = {isa = PBXBuildFile; fileRef = AA0B68CB27E5BDFD0078003D /* ElphTowerSL.swift */; };
		AA0B68D627E5FA450078003D /* CamerasManager.swift in Sources */ = {isa = PBXBuildFile; fileRef = AA0B68D527E5FA450078003D /* CamerasManager.swift */; };
		AA0B68D827E5FD7F0078003D /* TowerSelectionPanel.swift in Sources */ = {isa = PBXBuildFile; fileRef = AA0B68D727E5FD7F0078003D /* TowerSelectionPanel.swift */; };
		AA1B66BF27F624E60092F6C8 /* TestFunctions.swift in Sources */ = {isa = PBXBuildFile; fileRef = AA1B66BE27F624E60092F6C8 /* TestFunctions.swift */; };
		AA7801B527E200B6002C57E1 /* AppDelegate.swift in Sources */ = {isa = PBXBuildFile; fileRef = AA7801B427E200B6002C57E1 /* AppDelegate.swift */; };
		AA7801B727E200B6002C57E1 /* SceneDelegate.swift in Sources */ = {isa = PBXBuildFile; fileRef = AA7801B627E200B6002C57E1 /* SceneDelegate.swift */; };
		AA7801BE27E200BA002C57E1 /* Assets.xcassets in Resources */ = {isa = PBXBuildFile; fileRef = AA7801BD27E200BA002C57E1 /* Assets.xcassets */; };
		AA7801C127E200BA002C57E1 /* LaunchScreen.storyboard in Resources */ = {isa = PBXBuildFile; fileRef = AA7801BF27E200BA002C57E1 /* LaunchScreen.storyboard */; };
		AA7801F827E20291002C57E1 /* HomePageAssemblyProtocol.swift in Sources */ = {isa = PBXBuildFile; fileRef = AA7801E927E20291002C57E1 /* HomePageAssemblyProtocol.swift */; };
		AA7801F927E20291002C57E1 /* HomePageAssembly.swift in Sources */ = {isa = PBXBuildFile; fileRef = AA7801EA27E20291002C57E1 /* HomePageAssembly.swift */; };
		AA7801FA27E20291002C57E1 /* HomePagePresenter.swift in Sources */ = {isa = PBXBuildFile; fileRef = AA7801EC27E20291002C57E1 /* HomePagePresenter.swift */; };
		AA7801FB27E20291002C57E1 /* HomePageViewInput.swift in Sources */ = {isa = PBXBuildFile; fileRef = AA7801EE27E20291002C57E1 /* HomePageViewInput.swift */; };
		AA7801FC27E20291002C57E1 /* HomePageViewOutput.swift in Sources */ = {isa = PBXBuildFile; fileRef = AA7801EF27E20291002C57E1 /* HomePageViewOutput.swift */; };
		AA7801FD27E20291002C57E1 /* HomePageViewController.swift in Sources */ = {isa = PBXBuildFile; fileRef = AA7801F027E20291002C57E1 /* HomePageViewController.swift */; };
		AA7801FE27E20291002C57E1 /* HomePageInteractor.swift in Sources */ = {isa = PBXBuildFile; fileRef = AA7801F227E20291002C57E1 /* HomePageInteractor.swift */; };
		AA7801FF27E20291002C57E1 /* HomePageInteractorInput.swift in Sources */ = {isa = PBXBuildFile; fileRef = AA7801F327E20291002C57E1 /* HomePageInteractorInput.swift */; };
		AA78020027E20291002C57E1 /* HomePageInteractorOutput.swift in Sources */ = {isa = PBXBuildFile; fileRef = AA7801F427E20291002C57E1 /* HomePageInteractorOutput.swift */; };
		AA78020127E20291002C57E1 /* HomePageRouterInput.swift in Sources */ = {isa = PBXBuildFile; fileRef = AA7801F627E20291002C57E1 /* HomePageRouterInput.swift */; };
		AA78020227E20291002C57E1 /* HomePageRouter.swift in Sources */ = {isa = PBXBuildFile; fileRef = AA7801F727E20291002C57E1 /* HomePageRouter.swift */; };
		AA78022427E2043D002C57E1 /* HomePageView.swift in Sources */ = {isa = PBXBuildFile; fileRef = AA78022327E2043D002C57E1 /* HomePageView.swift */; };
		AA78022627E207C2002C57E1 /* DataManager.swift in Sources */ = {isa = PBXBuildFile; fileRef = AA78022527E207C2002C57E1 /* DataManager.swift */; };
		AA78023A27E20B8E002C57E1 /* BattleFieldAssembly.swift in Sources */ = {isa = PBXBuildFile; fileRef = AA78022B27E20B8D002C57E1 /* BattleFieldAssembly.swift */; };
		AA78023B27E20B8E002C57E1 /* BattleFieldAssemblyProtocol.swift in Sources */ = {isa = PBXBuildFile; fileRef = AA78022C27E20B8D002C57E1 /* BattleFieldAssemblyProtocol.swift */; };
		AA78023C27E20B8E002C57E1 /* BattleFieldPresenter.swift in Sources */ = {isa = PBXBuildFile; fileRef = AA78022E27E20B8D002C57E1 /* BattleFieldPresenter.swift */; };
		AA78023D27E20B8E002C57E1 /* BattleFieldViewController.swift in Sources */ = {isa = PBXBuildFile; fileRef = AA78023027E20B8D002C57E1 /* BattleFieldViewController.swift */; };
		AA78023E27E20B8E002C57E1 /* BattleFieldViewOutput.swift in Sources */ = {isa = PBXBuildFile; fileRef = AA78023127E20B8D002C57E1 /* BattleFieldViewOutput.swift */; };
		AA78023F27E20B8E002C57E1 /* BattleFieldViewInput.swift in Sources */ = {isa = PBXBuildFile; fileRef = AA78023227E20B8D002C57E1 /* BattleFieldViewInput.swift */; };
		AA78024027E20B8E002C57E1 /* BattleFieldInteractorInput.swift in Sources */ = {isa = PBXBuildFile; fileRef = AA78023427E20B8D002C57E1 /* BattleFieldInteractorInput.swift */; };
		AA78024127E20B8E002C57E1 /* BattleFieldInteractorOutput.swift in Sources */ = {isa = PBXBuildFile; fileRef = AA78023527E20B8D002C57E1 /* BattleFieldInteractorOutput.swift */; };
		AA78024227E20B8E002C57E1 /* BattleFieldInteractor.swift in Sources */ = {isa = PBXBuildFile; fileRef = AA78023627E20B8D002C57E1 /* BattleFieldInteractor.swift */; };
		AA78024327E20B8E002C57E1 /* BattleFieldRouterInput.swift in Sources */ = {isa = PBXBuildFile; fileRef = AA78023827E20B8D002C57E1 /* BattleFieldRouterInput.swift */; };
		AA78024427E20B8E002C57E1 /* BattleFieldRouter.swift in Sources */ = {isa = PBXBuildFile; fileRef = AA78023927E20B8D002C57E1 /* BattleFieldRouter.swift */; };
		AACC7BD227FAE9CD0022384E /* BuildingIcons.swift in Sources */ = {isa = PBXBuildFile; fileRef = AACC7BD127FAE9CD0022384E /* BuildingIcons.swift */; };
		AACC7BD627FB01F10022384E /* BuildingIconPlaces.swift in Sources */ = {isa = PBXBuildFile; fileRef = AACC7BD527FB01F10022384E /* BuildingIconPlaces.swift */; };
		AACC7BD927FB28000022384E /* MagicTowerTL.swift in Sources */ = {isa = PBXBuildFile; fileRef = AACC7BD827FB28000022384E /* MagicTowerTL.swift */; };
		AACC7BDB27FB28200022384E /* ElphTowerTL.swift in Sources */ = {isa = PBXBuildFile; fileRef = AACC7BDA27FB28200022384E /* ElphTowerTL.swift */; };
		AACC7BDD27FB2C1A0022384E /* BallistaFL.swift in Sources */ = {isa = PBXBuildFile; fileRef = AACC7BDC27FB2C1A0022384E /* BallistaFL.swift */; };
		AACC7BDF27FB2C5D0022384E /* WallFL.swift in Sources */ = {isa = PBXBuildFile; fileRef = AACC7BDE27FB2C5D0022384E /* WallFL.swift */; };
		AACC7BE127FB2C850022384E /* BallistaSL.swift in Sources */ = {isa = PBXBuildFile; fileRef = AACC7BE027FB2C850022384E /* BallistaSL.swift */; };
		AACC7BE327FB2C8C0022384E /* BallistaTL.swift in Sources */ = {isa = PBXBuildFile; fileRef = AACC7BE227FB2C8C0022384E /* BallistaTL.swift */; };
		AACC7BE527FB2C940022384E /* WallSL.swift in Sources */ = {isa = PBXBuildFile; fileRef = AACC7BE427FB2C940022384E /* WallSL.swift */; };
		AACC7BE727FB2C9B0022384E /* WallTL.swift in Sources */ = {isa = PBXBuildFile; fileRef = AACC7BE627FB2C9B0022384E /* WallTL.swift */; };
		AACC7BE927FB2CFF0022384E /* BallistaFactory.swift in Sources */ = {isa = PBXBuildFile; fileRef = AACC7BE827FB2CFF0022384E /* BallistaFactory.swift */; };
		AACC7BEB27FB2D0B0022384E /* WallFactory.swift in Sources */ = {isa = PBXBuildFile; fileRef = AACC7BEA27FB2D0B0022384E /* WallFactory.swift */; };
		AACC7BEF27FB36D30022384E /* BuiltTowers.swift in Sources */ = {isa = PBXBuildFile; fileRef = AACC7BEE27FB36D30022384E /* BuiltTowers.swift */; };
		AACC7BF127FB66B20022384E /* BuildingNodes.swift in Sources */ = {isa = PBXBuildFile; fileRef = AACC7BF027FB66B20022384E /* BuildingNodes.swift */; };
		AACC7BF327FB66D00022384E /* EnemyNodes.swift in Sources */ = {isa = PBXBuildFile; fileRef = AACC7BF227FB66D00022384E /* EnemyNodes.swift */; };
		AAE886D327EE0FC800CA4E5D /* ScenePaths.swift in Sources */ = {isa = PBXBuildFile; fileRef = AAE886D227EE0FC800CA4E5D /* ScenePaths.swift */; };
		AAE886D627EE115A00CA4E5D /* NodeNames.swift in Sources */ = {isa = PBXBuildFile; fileRef = AAE886D527EE115A00CA4E5D /* NodeNames.swift */; };
		AAE886EA27EEFF9800CA4E5D /* BattleMeadow.swift in Sources */ = {isa = PBXBuildFile; fileRef = AAE886E827EEFF9800CA4E5D /* BattleMeadow.swift */; };
		AAE886EB27EEFF9800CA4E5D /* MeadowManager.swift in Sources */ = {isa = PBXBuildFile; fileRef = AAE886E927EEFF9800CA4E5D /* MeadowManager.swift */; };
		AAE886EE27EEFFE000CA4E5D /* EnemyPositionManager.swift in Sources */ = {isa = PBXBuildFile; fileRef = AAE886ED27EEFFE000CA4E5D /* EnemyPositionManager.swift */; };
		AAE886F327EF2DC500CA4E5D /* AbstractFactoryEnemies.swift in Sources */ = {isa = PBXBuildFile; fileRef = AAE886F227EF2DC500CA4E5D /* AbstractFactoryEnemies.swift */; };
		AAE886F527EF2EDC00CA4E5D /* OrcFactory.swift in Sources */ = {isa = PBXBuildFile; fileRef = AAE886F427EF2EDC00CA4E5D /* OrcFactory.swift */; };
		AAE886F827EF30B300CA4E5D /* OrcFL.swift in Sources */ = {isa = PBXBuildFile; fileRef = AAE886F727EF30B300CA4E5D /* OrcFL.swift */; };
		AAE886FB27EF317400CA4E5D /* Enemy.swift in Sources */ = {isa = PBXBuildFile; fileRef = AAE886FA27EF317400CA4E5D /* Enemy.swift */; };
		AAE886FF27EF33A600CA4E5D /* OrcSL.swift in Sources */ = {isa = PBXBuildFile; fileRef = AAE886FE27EF33A600CA4E5D /* OrcSL.swift */; };
		AAE8870127EF33AE00CA4E5D /* OrcTL.swift in Sources */ = {isa = PBXBuildFile; fileRef = AAE8870027EF33AE00CA4E5D /* OrcTL.swift */; };
		AAE8870327EF342D00CA4E5D /* GoblinFactory.swift in Sources */ = {isa = PBXBuildFile; fileRef = AAE8870227EF342D00CA4E5D /* GoblinFactory.swift */; };
		AAE8870527EF34FA00CA4E5D /* GoblinFL.swift in Sources */ = {isa = PBXBuildFile; fileRef = AAE8870427EF34FA00CA4E5D /* GoblinFL.swift */; };
		AAE8870727EF350400CA4E5D /* GoblinSL.swift in Sources */ = {isa = PBXBuildFile; fileRef = AAE8870627EF350400CA4E5D /* GoblinSL.swift */; };
		AAE8870927EF350F00CA4E5D /* GoblinTL.swift in Sources */ = {isa = PBXBuildFile; fileRef = AAE8870827EF350F00CA4E5D /* GoblinTL.swift */; };
		AAE8870B27EF35AF00CA4E5D /* TrollFactory.swift in Sources */ = {isa = PBXBuildFile; fileRef = AAE8870A27EF35AF00CA4E5D /* TrollFactory.swift */; };
		AAE8870D27EF35F400CA4E5D /* TrollFL.swift in Sources */ = {isa = PBXBuildFile; fileRef = AAE8870C27EF35F400CA4E5D /* TrollFL.swift */; };
		AAE8870F27EF35FC00CA4E5D /* TrollSL.swift in Sources */ = {isa = PBXBuildFile; fileRef = AAE8870E27EF35FC00CA4E5D /* TrollSL.swift */; };
		AAE8871127EF360600CA4E5D /* TrollTL.swift in Sources */ = {isa = PBXBuildFile; fileRef = AAE8871027EF360600CA4E5D /* TrollTL.swift */; };
		AAF4C9AC27E855D700D5B6F8 /* HashedHeap.swift in Sources */ = {isa = PBXBuildFile; fileRef = AAF4C9AA27E855D700D5B6F8 /* HashedHeap.swift */; };
		AAF4C9AD27E855D700D5B6F8 /* AStar.swift in Sources */ = {isa = PBXBuildFile; fileRef = AAF4C9AB27E855D700D5B6F8 /* AStar.swift */; };
		AAF4C9B027E856D600D5B6F8 /* BattleFieldGraph.swift in Sources */ = {isa = PBXBuildFile; fileRef = AAF4C9AF27E856D600D5B6F8 /* BattleFieldGraph.swift */; };
		AAF4C9D727E8D9E500D5B6F8 /* EnemiesManager.swift in Sources */ = {isa = PBXBuildFile; fileRef = AAF4C9D627E8D9E500D5B6F8 /* EnemiesManager.swift */; };
		AAF4C9D927E8DA0300D5B6F8 /* BuildingsManager.swift in Sources */ = {isa = PBXBuildFile; fileRef = AAF4C9D827E8DA0300D5B6F8 /* BuildingsManager.swift */; };
		AAF4C9DB27E8DB0E00D5B6F8 /* Converter.swift in Sources */ = {isa = PBXBuildFile; fileRef = AAF4C9DA27E8DB0E00D5B6F8 /* Converter.swift */; };
		AAF4C9DD27E8E6A200D5B6F8 /* GroundSquare.swift in Sources */ = {isa = PBXBuildFile; fileRef = AAF4C9DC27E8E6A200D5B6F8 /* GroundSquare.swift */; };
		AAFD65EA27E4FFC500450C52 /* art.scnassets in Resources */ = {isa = PBXBuildFile; fileRef = AAFD65E927E4FFC500450C52 /* art.scnassets */; };
/* End PBXBuildFile section */

/* Begin PBXBuildRule section */
		87A12CFA28590A0C00C8E6D0 /* PBXBuildRule */ = {
			isa = PBXBuildRule;
			compilerSpec = com.apple.compilers.proxy.script;
			fileType = file.rcproject;
			inputFiles = (
			);
			isEditable = 1;
			outputFiles = (
			);
			script = "# rctool\n";
		};
/* End PBXBuildRule section */

/* Begin PBXContainerItemProxy section */
		AA7801C827E200BA002C57E1 /* PBXContainerItemProxy */ = {
			isa = PBXContainerItemProxy;
			containerPortal = AA7801A927E200B5002C57E1 /* Project object */;
			proxyType = 1;
			remoteGlobalIDString = AA7801B027E200B6002C57E1;
			remoteInfo = "Defend It";
		};
		AA7801D227E200BA002C57E1 /* PBXContainerItemProxy */ = {
			isa = PBXContainerItemProxy;
			containerPortal = AA7801A927E200B5002C57E1 /* Project object */;
			proxyType = 1;
			remoteGlobalIDString = AA7801B027E200B6002C57E1;
			remoteInfo = "Defend It";
		};
/* End PBXContainerItemProxy section */

/* Begin PBXFileReference section */
		8711C627286F945500E84876 /* OneEnemiesTypeWave.swift */ = {isa = PBXFileReference; lastKnownFileType = sourcecode.swift; path = OneEnemiesTypeWave.swift; sourceTree = "<group>"; };
		8711C629286FACA300E84876 /* EnemiesWave.swift */ = {isa = PBXFileReference; lastKnownFileType = sourcecode.swift; path = EnemiesWave.swift; sourceTree = "<group>"; };
		8711C631287564CA00E84876 /* Battle01.swift */ = {isa = PBXFileReference; lastKnownFileType = sourcecode.swift; path = Battle01.swift; sourceTree = "<group>"; };
		875CB7DB28327D98003B4412 /* Extensions.swift */ = {isa = PBXFileReference; lastKnownFileType = sourcecode.swift; path = Extensions.swift; sourceTree = "<group>"; };
		87B606BC2878FF0C003549AF /* EnemyWavesCreator.swift */ = {isa = PBXFileReference; lastKnownFileType = sourcecode.swift; path = EnemyWavesCreator.swift; sourceTree = "<group>"; };
		87B606BE2878FF97003549AF /* BattleValuesCreator.swift */ = {isa = PBXFileReference; lastKnownFileType = sourcecode.swift; path = BattleValuesCreator.swift; sourceTree = "<group>"; };
		87B606C128790173003549AF /* BattleMeadowCreator.swift */ = {isa = PBXFileReference; lastKnownFileType = sourcecode.swift; path = BattleMeadowCreator.swift; sourceTree = "<group>"; };
		87CA3D4A28267CF1000F952F /* WeakPropertyWrapper.swift */ = {isa = PBXFileReference; lastKnownFileType = sourcecode.swift; path = WeakPropertyWrapper.swift; sourceTree = "<group>"; };
		87CA3D4E2828FBE0000F952F /* TopBarView.swift */ = {isa = PBXFileReference; lastKnownFileType = sourcecode.swift; path = TopBarView.swift; sourceTree = "<group>"; };
		87CA3D502829024C000F952F /* BottomBarView.swift */ = {isa = PBXFileReference; lastKnownFileType = sourcecode.swift; path = BottomBarView.swift; sourceTree = "<group>"; };
		87CA3D5628294F17000F952F /* BattleManager.swift */ = {isa = PBXFileReference; lastKnownFileType = sourcecode.swift; path = BattleManager.swift; sourceTree = "<group>"; };
		87D51617285CC1BD00E3D7B8 /* Battle.swift */ = {isa = PBXFileReference; lastKnownFileType = sourcecode.swift; path = Battle.swift; sourceTree = "<group>"; };
		87ECCC552878E84F00E66C09 /* BattleMissionFactory.swift */ = {isa = PBXFileReference; lastKnownFileType = sourcecode.swift; path = BattleMissionFactory.swift; sourceTree = "<group>"; };
		87ECCC572878E87400E66C09 /* BattleMission.swift */ = {isa = PBXFileReference; lastKnownFileType = sourcecode.swift; path = BattleMission.swift; sourceTree = "<group>"; };
		87ECCC592878E8A800E66C09 /* BattleMissionEnums.swift */ = {isa = PBXFileReference; lastKnownFileType = sourcecode.swift; path = BattleMissionEnums.swift; sourceTree = "<group>"; };
		AA0B68BD27E5B95C0078003D /* AbstactFactoryBuildings.swift */ = {isa = PBXFileReference; lastKnownFileType = sourcecode.swift; path = AbstactFactoryBuildings.swift; sourceTree = "<group>"; };
		AA0B68BF27E5BA7D0078003D /* MagicTowerFactory.swift */ = {isa = PBXFileReference; lastKnownFileType = sourcecode.swift; path = MagicTowerFactory.swift; sourceTree = "<group>"; };
		AA0B68C127E5BB150078003D /* ElphTowerFactory.swift */ = {isa = PBXFileReference; lastKnownFileType = sourcecode.swift; path = ElphTowerFactory.swift; sourceTree = "<group>"; };
		AA0B68C327E5BC140078003D /* Building.swift */ = {isa = PBXFileReference; lastKnownFileType = sourcecode.swift; path = Building.swift; sourceTree = "<group>"; };
		AA0B68C527E5BD1E0078003D /* MagicTowerFL.swift */ = {isa = PBXFileReference; lastKnownFileType = sourcecode.swift; path = MagicTowerFL.swift; sourceTree = "<group>"; };
		AA0B68C727E5BDC20078003D /* ElphTowerFL.swift */ = {isa = PBXFileReference; lastKnownFileType = sourcecode.swift; path = ElphTowerFL.swift; sourceTree = "<group>"; };
		AA0B68C927E5BDF10078003D /* MagicTowerSL.swift */ = {isa = PBXFileReference; lastKnownFileType = sourcecode.swift; path = MagicTowerSL.swift; sourceTree = "<group>"; };
		AA0B68CB27E5BDFD0078003D /* ElphTowerSL.swift */ = {isa = PBXFileReference; lastKnownFileType = sourcecode.swift; path = ElphTowerSL.swift; sourceTree = "<group>"; };
		AA0B68D527E5FA450078003D /* CamerasManager.swift */ = {isa = PBXFileReference; lastKnownFileType = sourcecode.swift; path = CamerasManager.swift; sourceTree = "<group>"; };
		AA0B68D727E5FD7F0078003D /* TowerSelectionPanel.swift */ = {isa = PBXFileReference; lastKnownFileType = sourcecode.swift; path = TowerSelectionPanel.swift; sourceTree = "<group>"; };
		AA1B66BE27F624E60092F6C8 /* TestFunctions.swift */ = {isa = PBXFileReference; lastKnownFileType = sourcecode.swift; path = TestFunctions.swift; sourceTree = "<group>"; };
		AA7801B127E200B6002C57E1 /* Defend It.app */ = {isa = PBXFileReference; explicitFileType = wrapper.application; includeInIndex = 0; path = "Defend It.app"; sourceTree = BUILT_PRODUCTS_DIR; };
		AA7801B427E200B6002C57E1 /* AppDelegate.swift */ = {isa = PBXFileReference; lastKnownFileType = sourcecode.swift; path = AppDelegate.swift; sourceTree = "<group>"; };
		AA7801B627E200B6002C57E1 /* SceneDelegate.swift */ = {isa = PBXFileReference; lastKnownFileType = sourcecode.swift; path = SceneDelegate.swift; sourceTree = "<group>"; };
		AA7801BD27E200BA002C57E1 /* Assets.xcassets */ = {isa = PBXFileReference; lastKnownFileType = folder.assetcatalog; path = Assets.xcassets; sourceTree = "<group>"; };
		AA7801C027E200BA002C57E1 /* Base */ = {isa = PBXFileReference; lastKnownFileType = file.storyboard; name = Base; path = Base.lproj/LaunchScreen.storyboard; sourceTree = "<group>"; };
		AA7801C227E200BA002C57E1 /* Info.plist */ = {isa = PBXFileReference; lastKnownFileType = text.plist.xml; path = Info.plist; sourceTree = "<group>"; };
		AA7801C727E200BA002C57E1 /* Defend ItTests.xctest */ = {isa = PBXFileReference; explicitFileType = wrapper.cfbundle; includeInIndex = 0; path = "Defend ItTests.xctest"; sourceTree = BUILT_PRODUCTS_DIR; };
		AA7801D127E200BA002C57E1 /* Defend ItUITests.xctest */ = {isa = PBXFileReference; explicitFileType = wrapper.cfbundle; includeInIndex = 0; path = "Defend ItUITests.xctest"; sourceTree = BUILT_PRODUCTS_DIR; };
		AA7801E927E20291002C57E1 /* HomePageAssemblyProtocol.swift */ = {isa = PBXFileReference; fileEncoding = 4; lastKnownFileType = sourcecode.swift; path = HomePageAssemblyProtocol.swift; sourceTree = "<group>"; };
		AA7801EA27E20291002C57E1 /* HomePageAssembly.swift */ = {isa = PBXFileReference; fileEncoding = 4; lastKnownFileType = sourcecode.swift; path = HomePageAssembly.swift; sourceTree = "<group>"; };
		AA7801EC27E20291002C57E1 /* HomePagePresenter.swift */ = {isa = PBXFileReference; fileEncoding = 4; lastKnownFileType = sourcecode.swift; path = HomePagePresenter.swift; sourceTree = "<group>"; };
		AA7801EE27E20291002C57E1 /* HomePageViewInput.swift */ = {isa = PBXFileReference; fileEncoding = 4; lastKnownFileType = sourcecode.swift; path = HomePageViewInput.swift; sourceTree = "<group>"; };
		AA7801EF27E20291002C57E1 /* HomePageViewOutput.swift */ = {isa = PBXFileReference; fileEncoding = 4; lastKnownFileType = sourcecode.swift; path = HomePageViewOutput.swift; sourceTree = "<group>"; };
		AA7801F027E20291002C57E1 /* HomePageViewController.swift */ = {isa = PBXFileReference; fileEncoding = 4; lastKnownFileType = sourcecode.swift; path = HomePageViewController.swift; sourceTree = "<group>"; };
		AA7801F227E20291002C57E1 /* HomePageInteractor.swift */ = {isa = PBXFileReference; fileEncoding = 4; lastKnownFileType = sourcecode.swift; path = HomePageInteractor.swift; sourceTree = "<group>"; };
		AA7801F327E20291002C57E1 /* HomePageInteractorInput.swift */ = {isa = PBXFileReference; fileEncoding = 4; lastKnownFileType = sourcecode.swift; path = HomePageInteractorInput.swift; sourceTree = "<group>"; };
		AA7801F427E20291002C57E1 /* HomePageInteractorOutput.swift */ = {isa = PBXFileReference; fileEncoding = 4; lastKnownFileType = sourcecode.swift; path = HomePageInteractorOutput.swift; sourceTree = "<group>"; };
		AA7801F627E20291002C57E1 /* HomePageRouterInput.swift */ = {isa = PBXFileReference; fileEncoding = 4; lastKnownFileType = sourcecode.swift; path = HomePageRouterInput.swift; sourceTree = "<group>"; };
		AA7801F727E20291002C57E1 /* HomePageRouter.swift */ = {isa = PBXFileReference; fileEncoding = 4; lastKnownFileType = sourcecode.swift; path = HomePageRouter.swift; sourceTree = "<group>"; };
		AA78022327E2043D002C57E1 /* HomePageView.swift */ = {isa = PBXFileReference; lastKnownFileType = sourcecode.swift; path = HomePageView.swift; sourceTree = "<group>"; };
		AA78022527E207C2002C57E1 /* DataManager.swift */ = {isa = PBXFileReference; lastKnownFileType = sourcecode.swift; path = DataManager.swift; sourceTree = "<group>"; };
		AA78022B27E20B8D002C57E1 /* BattleFieldAssembly.swift */ = {isa = PBXFileReference; fileEncoding = 4; lastKnownFileType = sourcecode.swift; path = BattleFieldAssembly.swift; sourceTree = "<group>"; };
		AA78022C27E20B8D002C57E1 /* BattleFieldAssemblyProtocol.swift */ = {isa = PBXFileReference; fileEncoding = 4; lastKnownFileType = sourcecode.swift; path = BattleFieldAssemblyProtocol.swift; sourceTree = "<group>"; };
		AA78022E27E20B8D002C57E1 /* BattleFieldPresenter.swift */ = {isa = PBXFileReference; fileEncoding = 4; lastKnownFileType = sourcecode.swift; path = BattleFieldPresenter.swift; sourceTree = "<group>"; };
		AA78023027E20B8D002C57E1 /* BattleFieldViewController.swift */ = {isa = PBXFileReference; fileEncoding = 4; lastKnownFileType = sourcecode.swift; path = BattleFieldViewController.swift; sourceTree = "<group>"; };
		AA78023127E20B8D002C57E1 /* BattleFieldViewOutput.swift */ = {isa = PBXFileReference; fileEncoding = 4; lastKnownFileType = sourcecode.swift; path = BattleFieldViewOutput.swift; sourceTree = "<group>"; };
		AA78023227E20B8D002C57E1 /* BattleFieldViewInput.swift */ = {isa = PBXFileReference; fileEncoding = 4; lastKnownFileType = sourcecode.swift; path = BattleFieldViewInput.swift; sourceTree = "<group>"; };
		AA78023427E20B8D002C57E1 /* BattleFieldInteractorInput.swift */ = {isa = PBXFileReference; fileEncoding = 4; lastKnownFileType = sourcecode.swift; path = BattleFieldInteractorInput.swift; sourceTree = "<group>"; };
		AA78023527E20B8D002C57E1 /* BattleFieldInteractorOutput.swift */ = {isa = PBXFileReference; fileEncoding = 4; lastKnownFileType = sourcecode.swift; path = BattleFieldInteractorOutput.swift; sourceTree = "<group>"; };
		AA78023627E20B8D002C57E1 /* BattleFieldInteractor.swift */ = {isa = PBXFileReference; fileEncoding = 4; lastKnownFileType = sourcecode.swift; path = BattleFieldInteractor.swift; sourceTree = "<group>"; };
		AA78023827E20B8D002C57E1 /* BattleFieldRouterInput.swift */ = {isa = PBXFileReference; fileEncoding = 4; lastKnownFileType = sourcecode.swift; path = BattleFieldRouterInput.swift; sourceTree = "<group>"; };
		AA78023927E20B8D002C57E1 /* BattleFieldRouter.swift */ = {isa = PBXFileReference; fileEncoding = 4; lastKnownFileType = sourcecode.swift; path = BattleFieldRouter.swift; sourceTree = "<group>"; };
		AACC7BD127FAE9CD0022384E /* BuildingIcons.swift */ = {isa = PBXFileReference; lastKnownFileType = sourcecode.swift; path = BuildingIcons.swift; sourceTree = "<group>"; };
		AACC7BD527FB01F10022384E /* BuildingIconPlaces.swift */ = {isa = PBXFileReference; lastKnownFileType = sourcecode.swift; path = BuildingIconPlaces.swift; sourceTree = "<group>"; };
		AACC7BD827FB28000022384E /* MagicTowerTL.swift */ = {isa = PBXFileReference; lastKnownFileType = sourcecode.swift; path = MagicTowerTL.swift; sourceTree = "<group>"; };
		AACC7BDA27FB28200022384E /* ElphTowerTL.swift */ = {isa = PBXFileReference; lastKnownFileType = sourcecode.swift; path = ElphTowerTL.swift; sourceTree = "<group>"; };
		AACC7BDC27FB2C1A0022384E /* BallistaFL.swift */ = {isa = PBXFileReference; lastKnownFileType = sourcecode.swift; path = BallistaFL.swift; sourceTree = "<group>"; };
		AACC7BDE27FB2C5D0022384E /* WallFL.swift */ = {isa = PBXFileReference; lastKnownFileType = sourcecode.swift; path = WallFL.swift; sourceTree = "<group>"; };
		AACC7BE027FB2C850022384E /* BallistaSL.swift */ = {isa = PBXFileReference; lastKnownFileType = sourcecode.swift; path = BallistaSL.swift; sourceTree = "<group>"; };
		AACC7BE227FB2C8C0022384E /* BallistaTL.swift */ = {isa = PBXFileReference; lastKnownFileType = sourcecode.swift; path = BallistaTL.swift; sourceTree = "<group>"; };
		AACC7BE427FB2C940022384E /* WallSL.swift */ = {isa = PBXFileReference; lastKnownFileType = sourcecode.swift; path = WallSL.swift; sourceTree = "<group>"; };
		AACC7BE627FB2C9B0022384E /* WallTL.swift */ = {isa = PBXFileReference; lastKnownFileType = sourcecode.swift; path = WallTL.swift; sourceTree = "<group>"; };
		AACC7BE827FB2CFF0022384E /* BallistaFactory.swift */ = {isa = PBXFileReference; lastKnownFileType = sourcecode.swift; path = BallistaFactory.swift; sourceTree = "<group>"; };
		AACC7BEA27FB2D0B0022384E /* WallFactory.swift */ = {isa = PBXFileReference; lastKnownFileType = sourcecode.swift; path = WallFactory.swift; sourceTree = "<group>"; };
		AACC7BEE27FB36D30022384E /* BuiltTowers.swift */ = {isa = PBXFileReference; lastKnownFileType = sourcecode.swift; path = BuiltTowers.swift; sourceTree = "<group>"; };
		AACC7BF027FB66B20022384E /* BuildingNodes.swift */ = {isa = PBXFileReference; lastKnownFileType = sourcecode.swift; path = BuildingNodes.swift; sourceTree = "<group>"; };
		AACC7BF227FB66D00022384E /* EnemyNodes.swift */ = {isa = PBXFileReference; lastKnownFileType = sourcecode.swift; path = EnemyNodes.swift; sourceTree = "<group>"; };
		AAE886D227EE0FC800CA4E5D /* ScenePaths.swift */ = {isa = PBXFileReference; lastKnownFileType = sourcecode.swift; path = ScenePaths.swift; sourceTree = "<group>"; };
		AAE886D527EE115A00CA4E5D /* NodeNames.swift */ = {isa = PBXFileReference; lastKnownFileType = sourcecode.swift; path = NodeNames.swift; sourceTree = "<group>"; };
		AAE886E827EEFF9800CA4E5D /* BattleMeadow.swift */ = {isa = PBXFileReference; fileEncoding = 4; lastKnownFileType = sourcecode.swift; path = BattleMeadow.swift; sourceTree = "<group>"; };
		AAE886E927EEFF9800CA4E5D /* MeadowManager.swift */ = {isa = PBXFileReference; fileEncoding = 4; lastKnownFileType = sourcecode.swift; path = MeadowManager.swift; sourceTree = "<group>"; };
		AAE886ED27EEFFE000CA4E5D /* EnemyPositionManager.swift */ = {isa = PBXFileReference; fileEncoding = 4; lastKnownFileType = sourcecode.swift; path = EnemyPositionManager.swift; sourceTree = "<group>"; };
		AAE886F227EF2DC500CA4E5D /* AbstractFactoryEnemies.swift */ = {isa = PBXFileReference; lastKnownFileType = sourcecode.swift; path = AbstractFactoryEnemies.swift; sourceTree = "<group>"; };
		AAE886F427EF2EDC00CA4E5D /* OrcFactory.swift */ = {isa = PBXFileReference; lastKnownFileType = sourcecode.swift; path = OrcFactory.swift; sourceTree = "<group>"; };
		AAE886F727EF30B300CA4E5D /* OrcFL.swift */ = {isa = PBXFileReference; lastKnownFileType = sourcecode.swift; path = OrcFL.swift; sourceTree = "<group>"; };
		AAE886FA27EF317400CA4E5D /* Enemy.swift */ = {isa = PBXFileReference; lastKnownFileType = sourcecode.swift; path = Enemy.swift; sourceTree = "<group>"; };
		AAE886FE27EF33A600CA4E5D /* OrcSL.swift */ = {isa = PBXFileReference; lastKnownFileType = sourcecode.swift; path = OrcSL.swift; sourceTree = "<group>"; };
		AAE8870027EF33AE00CA4E5D /* OrcTL.swift */ = {isa = PBXFileReference; lastKnownFileType = sourcecode.swift; path = OrcTL.swift; sourceTree = "<group>"; };
		AAE8870227EF342D00CA4E5D /* GoblinFactory.swift */ = {isa = PBXFileReference; lastKnownFileType = sourcecode.swift; path = GoblinFactory.swift; sourceTree = "<group>"; };
		AAE8870427EF34FA00CA4E5D /* GoblinFL.swift */ = {isa = PBXFileReference; lastKnownFileType = sourcecode.swift; path = GoblinFL.swift; sourceTree = "<group>"; };
		AAE8870627EF350400CA4E5D /* GoblinSL.swift */ = {isa = PBXFileReference; lastKnownFileType = sourcecode.swift; path = GoblinSL.swift; sourceTree = "<group>"; };
		AAE8870827EF350F00CA4E5D /* GoblinTL.swift */ = {isa = PBXFileReference; lastKnownFileType = sourcecode.swift; path = GoblinTL.swift; sourceTree = "<group>"; };
		AAE8870A27EF35AF00CA4E5D /* TrollFactory.swift */ = {isa = PBXFileReference; lastKnownFileType = sourcecode.swift; path = TrollFactory.swift; sourceTree = "<group>"; };
		AAE8870C27EF35F400CA4E5D /* TrollFL.swift */ = {isa = PBXFileReference; lastKnownFileType = sourcecode.swift; path = TrollFL.swift; sourceTree = "<group>"; };
		AAE8870E27EF35FC00CA4E5D /* TrollSL.swift */ = {isa = PBXFileReference; lastKnownFileType = sourcecode.swift; path = TrollSL.swift; sourceTree = "<group>"; };
		AAE8871027EF360600CA4E5D /* TrollTL.swift */ = {isa = PBXFileReference; lastKnownFileType = sourcecode.swift; path = TrollTL.swift; sourceTree = "<group>"; };
		AAF4C9AA27E855D700D5B6F8 /* HashedHeap.swift */ = {isa = PBXFileReference; fileEncoding = 4; lastKnownFileType = sourcecode.swift; path = HashedHeap.swift; sourceTree = "<group>"; };
		AAF4C9AB27E855D700D5B6F8 /* AStar.swift */ = {isa = PBXFileReference; fileEncoding = 4; lastKnownFileType = sourcecode.swift; path = AStar.swift; sourceTree = "<group>"; };
		AAF4C9AF27E856D600D5B6F8 /* BattleFieldGraph.swift */ = {isa = PBXFileReference; lastKnownFileType = sourcecode.swift; path = BattleFieldGraph.swift; sourceTree = "<group>"; };
		AAF4C9D627E8D9E500D5B6F8 /* EnemiesManager.swift */ = {isa = PBXFileReference; lastKnownFileType = sourcecode.swift; path = EnemiesManager.swift; sourceTree = "<group>"; };
		AAF4C9D827E8DA0300D5B6F8 /* BuildingsManager.swift */ = {isa = PBXFileReference; lastKnownFileType = sourcecode.swift; path = BuildingsManager.swift; sourceTree = "<group>"; };
		AAF4C9DA27E8DB0E00D5B6F8 /* Converter.swift */ = {isa = PBXFileReference; lastKnownFileType = sourcecode.swift; path = Converter.swift; sourceTree = "<group>"; };
		AAF4C9DC27E8E6A200D5B6F8 /* GroundSquare.swift */ = {isa = PBXFileReference; lastKnownFileType = sourcecode.swift; path = GroundSquare.swift; sourceTree = "<group>"; };
		AAFD65E927E4FFC500450C52 /* art.scnassets */ = {isa = PBXFileReference; lastKnownFileType = wrapper.scnassets; path = art.scnassets; sourceTree = "<group>"; };
/* End PBXFileReference section */

/* Begin PBXFrameworksBuildPhase section */
		AA7801AE27E200B6002C57E1 /* Frameworks */ = {
			isa = PBXFrameworksBuildPhase;
			buildActionMask = 2147483647;
			files = (
			);
			runOnlyForDeploymentPostprocessing = 0;
		};
		AA7801C427E200BA002C57E1 /* Frameworks */ = {
			isa = PBXFrameworksBuildPhase;
			buildActionMask = 2147483647;
			files = (
			);
			runOnlyForDeploymentPostprocessing = 0;
		};
		AA7801CE27E200BA002C57E1 /* Frameworks */ = {
			isa = PBXFrameworksBuildPhase;
			buildActionMask = 2147483647;
			files = (
			);
			runOnlyForDeploymentPostprocessing = 0;
		};
/* End PBXFrameworksBuildPhase section */

/* Begin PBXGroup section */
		875CB7DA283056F4003B4412 /* CamerasManager */ = {
			isa = PBXGroup;
			children = (
				AA0B68D527E5FA450078003D /* CamerasManager.swift */,
			);
			path = CamerasManager;
			sourceTree = "<group>";
		};
		87B606C02878FF9E003549AF /* BattleCreators */ = {
			isa = PBXGroup;
			children = (
				87B606BE2878FF97003549AF /* BattleValuesCreator.swift */,
				87B606C128790173003549AF /* BattleMeadowCreator.swift */,
				87B606BC2878FF0C003549AF /* EnemyWavesCreator.swift */,
			);
			path = BattleCreators;
			sourceTree = "<group>";
		};
		87B606C328790D59003549AF /* utilities */ = {
			isa = PBXGroup;
			children = (
				87CA3D4A28267CF1000F952F /* WeakPropertyWrapper.swift */,
				AA7801BF27E200BA002C57E1 /* LaunchScreen.storyboard */,
				AA7801B427E200B6002C57E1 /* AppDelegate.swift */,
				AA1B66BE27F624E60092F6C8 /* TestFunctions.swift */,
				875CB7DB28327D98003B4412 /* Extensions.swift */,
				AAF4C9DA27E8DB0E00D5B6F8 /* Converter.swift */,
				AA78022527E207C2002C57E1 /* DataManager.swift */,
				AA7801B627E200B6002C57E1 /* SceneDelegate.swift */,
			);
			path = utilities;
			sourceTree = "<group>";
		};
		87CA3D5228293CAA000F952F /* GameUtilitsView */ = {
			isa = PBXGroup;
			children = (
				87CA3D4E2828FBE0000F952F /* TopBarView.swift */,
				87CA3D502829024C000F952F /* BottomBarView.swift */,
			);
			path = GameUtilitsView;
			sourceTree = "<group>";
		};
		87CA3D5528294F09000F952F /* BattleValuesManager */ = {
			isa = PBXGroup;
			children = (
				87CA3D5628294F17000F952F /* BattleManager.swift */,
				87ECCC592878E8A800E66C09 /* BattleMissionEnums.swift */,
			);
			path = BattleValuesManager;
			sourceTree = "<group>";
		};
		87D51616285CC1AD00E3D7B8 /* Battle */ = {
			isa = PBXGroup;
			children = (
				87D51617285CC1BD00E3D7B8 /* Battle.swift */,
			);
			path = Battle;
			sourceTree = "<group>";
		};
		87ECCC522878E7DA00E66C09 /* BattleMission */ = {
			isa = PBXGroup;
			children = (
				87ECCC572878E87400E66C09 /* BattleMission.swift */,
				87B606C02878FF9E003549AF /* BattleCreators */,
				87ECCC5B2878E8D600E66C09 /* Battles */,
			);
			path = BattleMission;
			sourceTree = "<group>";
		};
		87ECCC5B2878E8D600E66C09 /* Battles */ = {
			isa = PBXGroup;
			children = (
				8711C631287564CA00E84876 /* Battle01.swift */,
			);
			path = Battles;
			sourceTree = "<group>";
		};
		AA0B68B627E5B8750078003D /* AbstractFactoryBuildings */ = {
			isa = PBXGroup;
			children = (
				AA0B68B827E5B8990078003D /* AbstarctFactoryBuildings */,
				AA0B68BA27E5B9040078003D /* FirstLevelBuildings */,
				AA0B68BC27E5B9270078003D /* SecondLevelBuildings */,
				AACC7BD727FB03C90022384E /* ThirdLevelBuildings */,
				AA0B68B727E5B8920078003D /* Protocols */,
			);
			path = AbstractFactoryBuildings;
			sourceTree = "<group>";
		};
		AA0B68B727E5B8920078003D /* Protocols */ = {
			isa = PBXGroup;
			children = (
				AA0B68C327E5BC140078003D /* Building.swift */,
			);
			path = Protocols;
			sourceTree = "<group>";
		};
		AA0B68B827E5B8990078003D /* AbstarctFactoryBuildings */ = {
			isa = PBXGroup;
			children = (
				AA0B68BD27E5B95C0078003D /* AbstactFactoryBuildings.swift */,
				AA0B68BF27E5BA7D0078003D /* MagicTowerFactory.swift */,
				AA0B68C127E5BB150078003D /* ElphTowerFactory.swift */,
				AACC7BE827FB2CFF0022384E /* BallistaFactory.swift */,
				AACC7BEA27FB2D0B0022384E /* WallFactory.swift */,
			);
			path = AbstarctFactoryBuildings;
			sourceTree = "<group>";
		};
		AA0B68BA27E5B9040078003D /* FirstLevelBuildings */ = {
			isa = PBXGroup;
			children = (
				AA0B68C527E5BD1E0078003D /* MagicTowerFL.swift */,
				AA0B68C727E5BDC20078003D /* ElphTowerFL.swift */,
				AACC7BDC27FB2C1A0022384E /* BallistaFL.swift */,
				AACC7BDE27FB2C5D0022384E /* WallFL.swift */,
			);
			path = FirstLevelBuildings;
			sourceTree = "<group>";
		};
		AA0B68BC27E5B9270078003D /* SecondLevelBuildings */ = {
			isa = PBXGroup;
			children = (
				AA0B68C927E5BDF10078003D /* MagicTowerSL.swift */,
				AA0B68CB27E5BDFD0078003D /* ElphTowerSL.swift */,
				AACC7BE027FB2C850022384E /* BallistaSL.swift */,
				AACC7BE427FB2C940022384E /* WallSL.swift */,
			);
			path = SecondLevelBuildings;
			sourceTree = "<group>";
		};
		AA7801A827E200B5002C57E1 = {
			isa = PBXGroup;
			children = (
				AA7801B327E200B6002C57E1 /* Defend It */,
				AA7801B227E200B6002C57E1 /* Products */,
			);
			sourceTree = "<group>";
		};
		AA7801B227E200B6002C57E1 /* Products */ = {
			isa = PBXGroup;
			children = (
				AA7801B127E200B6002C57E1 /* Defend It.app */,
				AA7801C727E200BA002C57E1 /* Defend ItTests.xctest */,
				AA7801D127E200BA002C57E1 /* Defend ItUITests.xctest */,
			);
			name = Products;
			sourceTree = "<group>";
		};
		AA7801B327E200B6002C57E1 /* Defend It */ = {
			isa = PBXGroup;
			children = (
				AAE886EF27EF2D6900CA4E5D /* Factories */,
				AA7801E427E2011C002C57E1 /* VIPER Modules */,
				87ECCC522878E7DA00E66C09 /* BattleMission */,
				87B606C328790D59003549AF /* utilities */,
				AA7801C227E200BA002C57E1 /* Info.plist */,
				AAE886D427EE112200CA4E5D /* Enums */,
				AAFD65E927E4FFC500450C52 /* art.scnassets */,
				AA7801BD27E200BA002C57E1 /* Assets.xcassets */,
			);
			path = "Defend It";
			sourceTree = "<group>";
		};
		AA7801E427E2011C002C57E1 /* VIPER Modules */ = {
			isa = PBXGroup;
			children = (
				AA7801E727E20291002C57E1 /* HomePage */,
				AA78022927E20B8D002C57E1 /* BattleField */,
			);
			path = "VIPER Modules";
			sourceTree = "<group>";
		};
		AA7801E727E20291002C57E1 /* HomePage */ = {
			isa = PBXGroup;
			children = (
				AA7801E827E20291002C57E1 /* Assembly */,
				AA7801EB27E20291002C57E1 /* Presenter */,
				AA7801ED27E20291002C57E1 /* View */,
				AA7801F127E20291002C57E1 /* Interactor */,
				AA7801F527E20291002C57E1 /* Router */,
			);
			path = HomePage;
			sourceTree = "<group>";
		};
		AA7801E827E20291002C57E1 /* Assembly */ = {
			isa = PBXGroup;
			children = (
				AA7801E927E20291002C57E1 /* HomePageAssemblyProtocol.swift */,
				AA7801EA27E20291002C57E1 /* HomePageAssembly.swift */,
			);
			path = Assembly;
			sourceTree = "<group>";
		};
		AA7801EB27E20291002C57E1 /* Presenter */ = {
			isa = PBXGroup;
			children = (
				AA7801EC27E20291002C57E1 /* HomePagePresenter.swift */,
			);
			path = Presenter;
			sourceTree = "<group>";
		};
		AA7801ED27E20291002C57E1 /* View */ = {
			isa = PBXGroup;
			children = (
				AA7801EE27E20291002C57E1 /* HomePageViewInput.swift */,
				AA7801EF27E20291002C57E1 /* HomePageViewOutput.swift */,
				AA7801F027E20291002C57E1 /* HomePageViewController.swift */,
				AA78022327E2043D002C57E1 /* HomePageView.swift */,
			);
			path = View;
			sourceTree = "<group>";
		};
		AA7801F127E20291002C57E1 /* Interactor */ = {
			isa = PBXGroup;
			children = (
				AA7801F227E20291002C57E1 /* HomePageInteractor.swift */,
				AA7801F327E20291002C57E1 /* HomePageInteractorInput.swift */,
				AA7801F427E20291002C57E1 /* HomePageInteractorOutput.swift */,
			);
			path = Interactor;
			sourceTree = "<group>";
		};
		AA7801F527E20291002C57E1 /* Router */ = {
			isa = PBXGroup;
			children = (
				AA7801F627E20291002C57E1 /* HomePageRouterInput.swift */,
				AA7801F727E20291002C57E1 /* HomePageRouter.swift */,
			);
			path = Router;
			sourceTree = "<group>";
		};
		AA78022927E20B8D002C57E1 /* BattleField */ = {
			isa = PBXGroup;
			children = (
				AAF4C9CF27E8D6D300D5B6F8 /* Managers */,
				AA78022A27E20B8D002C57E1 /* Assembly */,
				AA78022D27E20B8D002C57E1 /* Presenter */,
				AA78022F27E20B8D002C57E1 /* View */,
				AA78023327E20B8D002C57E1 /* Interactor */,
				AA78023727E20B8D002C57E1 /* Router */,
			);
			path = BattleField;
			sourceTree = "<group>";
		};
		AA78022A27E20B8D002C57E1 /* Assembly */ = {
			isa = PBXGroup;
			children = (
				AA78022B27E20B8D002C57E1 /* BattleFieldAssembly.swift */,
				AA78022C27E20B8D002C57E1 /* BattleFieldAssemblyProtocol.swift */,
			);
			path = Assembly;
			sourceTree = "<group>";
		};
		AA78022D27E20B8D002C57E1 /* Presenter */ = {
			isa = PBXGroup;
			children = (
				AA78022E27E20B8D002C57E1 /* BattleFieldPresenter.swift */,
			);
			path = Presenter;
			sourceTree = "<group>";
		};
		AA78022F27E20B8D002C57E1 /* View */ = {
			isa = PBXGroup;
			children = (
				AA78023027E20B8D002C57E1 /* BattleFieldViewController.swift */,
				AA78023127E20B8D002C57E1 /* BattleFieldViewOutput.swift */,
				AA78023227E20B8D002C57E1 /* BattleFieldViewInput.swift */,
				87CA3D5228293CAA000F952F /* GameUtilitsView */,
			);
			path = View;
			sourceTree = "<group>";
		};
		AA78023327E20B8D002C57E1 /* Interactor */ = {
			isa = PBXGroup;
			children = (
				AA78023627E20B8D002C57E1 /* BattleFieldInteractor.swift */,
				AA78023427E20B8D002C57E1 /* BattleFieldInteractorInput.swift */,
				AA78023527E20B8D002C57E1 /* BattleFieldInteractorOutput.swift */,
				87D51616285CC1AD00E3D7B8 /* Battle */,
			);
			path = Interactor;
			sourceTree = "<group>";
		};
		AA78023727E20B8D002C57E1 /* Router */ = {
			isa = PBXGroup;
			children = (
				AA78023827E20B8D002C57E1 /* BattleFieldRouterInput.swift */,
				AA78023927E20B8D002C57E1 /* BattleFieldRouter.swift */,
			);
			path = Router;
			sourceTree = "<group>";
		};
		AACC7BD727FB03C90022384E /* ThirdLevelBuildings */ = {
			isa = PBXGroup;
			children = (
				AACC7BD827FB28000022384E /* MagicTowerTL.swift */,
				AACC7BDA27FB28200022384E /* ElphTowerTL.swift */,
				AACC7BE227FB2C8C0022384E /* BallistaTL.swift */,
				AACC7BE627FB2C9B0022384E /* WallTL.swift */,
			);
			path = ThirdLevelBuildings;
			sourceTree = "<group>";
		};
		AAE886D427EE112200CA4E5D /* Enums */ = {
			isa = PBXGroup;
			children = (
				AAE886D227EE0FC800CA4E5D /* ScenePaths.swift */,
				AAE886D527EE115A00CA4E5D /* NodeNames.swift */,
				AACC7BD127FAE9CD0022384E /* BuildingIcons.swift */,
				AACC7BD527FB01F10022384E /* BuildingIconPlaces.swift */,
				AACC7BEE27FB36D30022384E /* BuiltTowers.swift */,
				AACC7BF027FB66B20022384E /* BuildingNodes.swift */,
				AACC7BF227FB66D00022384E /* EnemyNodes.swift */,
			);
			path = Enums;
			sourceTree = "<group>";
		};
		AAE886E727EEFF9800CA4E5D /* MeadowManager */ = {
			isa = PBXGroup;
			children = (
				AAE886E927EEFF9800CA4E5D /* MeadowManager.swift */,
				AAE886E827EEFF9800CA4E5D /* BattleMeadow.swift */,
				AAF4C9DC27E8E6A200D5B6F8 /* GroundSquare.swift */,
			);
			path = MeadowManager;
			sourceTree = "<group>";
		};
		AAE886EF27EF2D6900CA4E5D /* Factories */ = {
			isa = PBXGroup;
			children = (
				87ECCC552878E84F00E66C09 /* BattleMissionFactory.swift */,
				AAE886F027EF2D9200CA4E5D /* AbstractFactoryEnemies */,
				AA0B68B627E5B8750078003D /* AbstractFactoryBuildings */,
			);
			path = Factories;
			sourceTree = "<group>";
		};
		AAE886F027EF2D9200CA4E5D /* AbstractFactoryEnemies */ = {
			isa = PBXGroup;
			children = (
				AAE886F127EF2DAA00CA4E5D /* AbstractFactoryEnemies */,
				AAE886F627EF309600CA4E5D /* FirstLevelEnemies */,
				AAE886FC27EF334F00CA4E5D /* SecondlLevelEnemies */,
				AAE886FD27EF336100CA4E5D /* ThirdLevelEnemies */,
				AAE886F927EF310D00CA4E5D /* Protocols */,
			);
			path = AbstractFactoryEnemies;
			sourceTree = "<group>";
		};
		AAE886F127EF2DAA00CA4E5D /* AbstractFactoryEnemies */ = {
			isa = PBXGroup;
			children = (
				AAE886F227EF2DC500CA4E5D /* AbstractFactoryEnemies.swift */,
				AAE886F427EF2EDC00CA4E5D /* OrcFactory.swift */,
				AAE8870227EF342D00CA4E5D /* GoblinFactory.swift */,
				AAE8870A27EF35AF00CA4E5D /* TrollFactory.swift */,
			);
			path = AbstractFactoryEnemies;
			sourceTree = "<group>";
		};
		AAE886F627EF309600CA4E5D /* FirstLevelEnemies */ = {
			isa = PBXGroup;
			children = (
				AAE886F727EF30B300CA4E5D /* OrcFL.swift */,
				AAE8870427EF34FA00CA4E5D /* GoblinFL.swift */,
				AAE8870C27EF35F400CA4E5D /* TrollFL.swift */,
			);
			path = FirstLevelEnemies;
			sourceTree = "<group>";
		};
		AAE886F927EF310D00CA4E5D /* Protocols */ = {
			isa = PBXGroup;
			children = (
				AAE886FA27EF317400CA4E5D /* Enemy.swift */,
			);
			path = Protocols;
			sourceTree = "<group>";
		};
		AAE886FC27EF334F00CA4E5D /* SecondlLevelEnemies */ = {
			isa = PBXGroup;
			children = (
				AAE886FE27EF33A600CA4E5D /* OrcSL.swift */,
				AAE8870627EF350400CA4E5D /* GoblinSL.swift */,
				AAE8870E27EF35FC00CA4E5D /* TrollSL.swift */,
			);
			path = SecondlLevelEnemies;
			sourceTree = "<group>";
		};
		AAE886FD27EF336100CA4E5D /* ThirdLevelEnemies */ = {
			isa = PBXGroup;
			children = (
				AAE8870027EF33AE00CA4E5D /* OrcTL.swift */,
				AAE8870827EF350F00CA4E5D /* GoblinTL.swift */,
				AAE8871027EF360600CA4E5D /* TrollTL.swift */,
			);
			path = ThirdLevelEnemies;
			sourceTree = "<group>";
		};
		AAF4C9A927E855BB00D5B6F8 /* AStar  */ = {
			isa = PBXGroup;
			children = (
				AAF4C9AB27E855D700D5B6F8 /* AStar.swift */,
				AAF4C9AA27E855D700D5B6F8 /* HashedHeap.swift */,
				AAF4C9AF27E856D600D5B6F8 /* BattleFieldGraph.swift */,
			);
			path = "AStar ";
			sourceTree = "<group>";
		};
		AAF4C9CF27E8D6D300D5B6F8 /* Managers */ = {
			isa = PBXGroup;
			children = (
				875CB7DA283056F4003B4412 /* CamerasManager */,
				87CA3D5528294F09000F952F /* BattleValuesManager */,
				AAE886E727EEFF9800CA4E5D /* MeadowManager */,
				AAF4C9D227E8D98800D5B6F8 /* EnemiesManagers */,
				AAF4C9D027E8D6D900D5B6F8 /* BuildingsManagers */,
			);
			path = Managers;
			sourceTree = "<group>";
		};
		AAF4C9D027E8D6D900D5B6F8 /* BuildingsManagers */ = {
			isa = PBXGroup;
			children = (
				AAF4C9D827E8DA0300D5B6F8 /* BuildingsManager.swift */,
				AA0B68D727E5FD7F0078003D /* TowerSelectionPanel.swift */,
			);
			path = BuildingsManagers;
			sourceTree = "<group>";
		};
		AAF4C9D227E8D98800D5B6F8 /* EnemiesManagers */ = {
			isa = PBXGroup;
			children = (
				AAF4C9D627E8D9E500D5B6F8 /* EnemiesManager.swift */,
				8711C629286FACA300E84876 /* EnemiesWave.swift */,
				8711C627286F945500E84876 /* OneEnemiesTypeWave.swift */,
				AAE886ED27EEFFE000CA4E5D /* EnemyPositionManager.swift */,
				AAF4C9A927E855BB00D5B6F8 /* AStar  */,
			);
			path = EnemiesManagers;
			sourceTree = "<group>";
		};
/* End PBXGroup section */

/* Begin PBXNativeTarget section */
		AA7801B027E200B6002C57E1 /* Defend It */ = {
			isa = PBXNativeTarget;
			buildConfigurationList = AA7801DB27E200BA002C57E1 /* Build configuration list for PBXNativeTarget "Defend It" */;
			buildPhases = (
				AA7801AD27E200B6002C57E1 /* Sources */,
				AA7801AE27E200B6002C57E1 /* Frameworks */,
				AA7801AF27E200B6002C57E1 /* Resources */,
			);
			buildRules = (
				87A12CFA28590A0C00C8E6D0 /* PBXBuildRule */,
			);
			dependencies = (
			);
			name = "Defend It";
			productName = "Defend It";
			productReference = AA7801B127E200B6002C57E1 /* Defend It.app */;
			productType = "com.apple.product-type.application";
		};
		AA7801C627E200BA002C57E1 /* Defend ItTests */ = {
			isa = PBXNativeTarget;
			buildConfigurationList = AA7801DE27E200BA002C57E1 /* Build configuration list for PBXNativeTarget "Defend ItTests" */;
			buildPhases = (
				AA7801C327E200BA002C57E1 /* Sources */,
				AA7801C427E200BA002C57E1 /* Frameworks */,
				AA7801C527E200BA002C57E1 /* Resources */,
			);
			buildRules = (
			);
			dependencies = (
				AA7801C927E200BA002C57E1 /* PBXTargetDependency */,
			);
			name = "Defend ItTests";
			productName = "Defend ItTests";
			productReference = AA7801C727E200BA002C57E1 /* Defend ItTests.xctest */;
			productType = "com.apple.product-type.bundle.unit-test";
		};
		AA7801D027E200BA002C57E1 /* Defend ItUITests */ = {
			isa = PBXNativeTarget;
			buildConfigurationList = AA7801E127E200BA002C57E1 /* Build configuration list for PBXNativeTarget "Defend ItUITests" */;
			buildPhases = (
				AA7801CD27E200BA002C57E1 /* Sources */,
				AA7801CE27E200BA002C57E1 /* Frameworks */,
				AA7801CF27E200BA002C57E1 /* Resources */,
			);
			buildRules = (
			);
			dependencies = (
				AA7801D327E200BA002C57E1 /* PBXTargetDependency */,
			);
			name = "Defend ItUITests";
			productName = "Defend ItUITests";
			productReference = AA7801D127E200BA002C57E1 /* Defend ItUITests.xctest */;
			productType = "com.apple.product-type.bundle.ui-testing";
		};
/* End PBXNativeTarget section */

/* Begin PBXProject section */
		AA7801A927E200B5002C57E1 /* Project object */ = {
			isa = PBXProject;
			attributes = {
				BuildIndependentTargetsInParallel = 1;
				LastSwiftUpdateCheck = 1320;
				LastUpgradeCheck = 1320;
				TargetAttributes = {
					AA7801B027E200B6002C57E1 = {
						CreatedOnToolsVersion = 13.2.1;
					};
					AA7801C627E200BA002C57E1 = {
						CreatedOnToolsVersion = 13.2.1;
						TestTargetID = AA7801B027E200B6002C57E1;
					};
					AA7801D027E200BA002C57E1 = {
						CreatedOnToolsVersion = 13.2.1;
						TestTargetID = AA7801B027E200B6002C57E1;
					};
				};
			};
			buildConfigurationList = AA7801AC27E200B5002C57E1 /* Build configuration list for PBXProject "Defend It" */;
			compatibilityVersion = "Xcode 13.0";
			developmentRegion = en;
			hasScannedForEncodings = 0;
			knownRegions = (
				en,
				Base,
			);
			mainGroup = AA7801A827E200B5002C57E1;
			productRefGroup = AA7801B227E200B6002C57E1 /* Products */;
			projectDirPath = "";
			projectRoot = "";
			targets = (
				AA7801B027E200B6002C57E1 /* Defend It */,
				AA7801C627E200BA002C57E1 /* Defend ItTests */,
				AA7801D027E200BA002C57E1 /* Defend ItUITests */,
			);
		};
/* End PBXProject section */

/* Begin PBXResourcesBuildPhase section */
		AA7801AF27E200B6002C57E1 /* Resources */ = {
			isa = PBXResourcesBuildPhase;
			buildActionMask = 2147483647;
			files = (
				AA7801C127E200BA002C57E1 /* LaunchScreen.storyboard in Resources */,
				AAFD65EA27E4FFC500450C52 /* art.scnassets in Resources */,
				AA7801BE27E200BA002C57E1 /* Assets.xcassets in Resources */,
			);
			runOnlyForDeploymentPostprocessing = 0;
		};
		AA7801C527E200BA002C57E1 /* Resources */ = {
			isa = PBXResourcesBuildPhase;
			buildActionMask = 2147483647;
			files = (
			);
			runOnlyForDeploymentPostprocessing = 0;
		};
		AA7801CF27E200BA002C57E1 /* Resources */ = {
			isa = PBXResourcesBuildPhase;
			buildActionMask = 2147483647;
			files = (
			);
			runOnlyForDeploymentPostprocessing = 0;
		};
/* End PBXResourcesBuildPhase section */

/* Begin PBXSourcesBuildPhase section */
		AA7801AD27E200B6002C57E1 /* Sources */ = {
			isa = PBXSourcesBuildPhase;
			buildActionMask = 2147483647;
			files = (
				AAE8870927EF350F00CA4E5D /* GoblinTL.swift in Sources */,
				AA0B68C027E5BA7D0078003D /* MagicTowerFactory.swift in Sources */,
				AA78024027E20B8E002C57E1 /* BattleFieldInteractorInput.swift in Sources */,
				AA0B68CA27E5BDF10078003D /* MagicTowerSL.swift in Sources */,
				AA7801FB27E20291002C57E1 /* HomePageViewInput.swift in Sources */,
				87B606C228790173003549AF /* BattleMeadowCreator.swift in Sources */,
				AA0B68C627E5BD1E0078003D /* MagicTowerFL.swift in Sources */,
				AAF4C9B027E856D600D5B6F8 /* BattleFieldGraph.swift in Sources */,
				AAE886F527EF2EDC00CA4E5D /* OrcFactory.swift in Sources */,
				AA0B68C227E5BB150078003D /* ElphTowerFactory.swift in Sources */,
				AA78020127E20291002C57E1 /* HomePageRouterInput.swift in Sources */,
				87CA3D4F2828FBE0000F952F /* TopBarView.swift in Sources */,
				AACC7BD627FB01F10022384E /* BuildingIconPlaces.swift in Sources */,
				AACC7BF127FB66B20022384E /* BuildingNodes.swift in Sources */,
				AA78024427E20B8E002C57E1 /* BattleFieldRouter.swift in Sources */,
				8711C632287564CA00E84876 /* Battle01.swift in Sources */,
				AACC7BDB27FB28200022384E /* ElphTowerTL.swift in Sources */,
				87CA3D5728294F17000F952F /* BattleManager.swift in Sources */,
				AA0B68BE27E5B95C0078003D /* AbstactFactoryBuildings.swift in Sources */,
				AA78024127E20B8E002C57E1 /* BattleFieldInteractorOutput.swift in Sources */,
				AAF4C9DB27E8DB0E00D5B6F8 /* Converter.swift in Sources */,
				AACC7BDF27FB2C5D0022384E /* WallFL.swift in Sources */,
				AA0B68D627E5FA450078003D /* CamerasManager.swift in Sources */,
				AAF4C9DD27E8E6A200D5B6F8 /* GroundSquare.swift in Sources */,
				AACC7BE527FB2C940022384E /* WallSL.swift in Sources */,
				AAE8870B27EF35AF00CA4E5D /* TrollFactory.swift in Sources */,
				AA7801FE27E20291002C57E1 /* HomePageInteractor.swift in Sources */,
				AAE8870527EF34FA00CA4E5D /* GoblinFL.swift in Sources */,
				AAE8870727EF350400CA4E5D /* GoblinSL.swift in Sources */,
				AAE886D327EE0FC800CA4E5D /* ScenePaths.swift in Sources */,
				AA78023C27E20B8E002C57E1 /* BattleFieldPresenter.swift in Sources */,
				AAE8870127EF33AE00CA4E5D /* OrcTL.swift in Sources */,
				AA7801FD27E20291002C57E1 /* HomePageViewController.swift in Sources */,
				AA78023A27E20B8E002C57E1 /* BattleFieldAssembly.swift in Sources */,
				AACC7BF327FB66D00022384E /* EnemyNodes.swift in Sources */,
				AA7801F827E20291002C57E1 /* HomePageAssemblyProtocol.swift in Sources */,
				AAF4C9AC27E855D700D5B6F8 /* HashedHeap.swift in Sources */,
				87CA3D4B28267CF1000F952F /* WeakPropertyWrapper.swift in Sources */,
				AA78024227E20B8E002C57E1 /* BattleFieldInteractor.swift in Sources */,
				AAF4C9AD27E855D700D5B6F8 /* AStar.swift in Sources */,
				AA78022427E2043D002C57E1 /* HomePageView.swift in Sources */,
				AA1B66BF27F624E60092F6C8 /* TestFunctions.swift in Sources */,
				AAE8870F27EF35FC00CA4E5D /* TrollSL.swift in Sources */,
				AAE886EB27EEFF9800CA4E5D /* MeadowManager.swift in Sources */,
				AA0B68CC27E5BDFD0078003D /* ElphTowerSL.swift in Sources */,
				87B606BF2878FF97003549AF /* BattleValuesCreator.swift in Sources */,
				AA78024327E20B8E002C57E1 /* BattleFieldRouterInput.swift in Sources */,
				AA7801FA27E20291002C57E1 /* HomePagePresenter.swift in Sources */,
				AA7801B527E200B6002C57E1 /* AppDelegate.swift in Sources */,
				AAE886F327EF2DC500CA4E5D /* AbstractFactoryEnemies.swift in Sources */,
				87CA3D512829024C000F952F /* BottomBarView.swift in Sources */,
				AAE886EA27EEFF9800CA4E5D /* BattleMeadow.swift in Sources */,
				8711C62A286FACA300E84876 /* EnemiesWave.swift in Sources */,
				AA78020227E20291002C57E1 /* HomePageRouter.swift in Sources */,
				AA78020027E20291002C57E1 /* HomePageInteractorOutput.swift in Sources */,
				AAE886F827EF30B300CA4E5D /* OrcFL.swift in Sources */,
				AA7801FC27E20291002C57E1 /* HomePageViewOutput.swift in Sources */,
				AAE8870D27EF35F400CA4E5D /* TrollFL.swift in Sources */,
				AA0B68C427E5BC140078003D /* Building.swift in Sources */,
				AA78023B27E20B8E002C57E1 /* BattleFieldAssemblyProtocol.swift in Sources */,
				AACC7BEF27FB36D30022384E /* BuiltTowers.swift in Sources */,
				AAE8870327EF342D00CA4E5D /* GoblinFactory.swift in Sources */,
				AA0B68C827E5BDC20078003D /* ElphTowerFL.swift in Sources */,
				AAE8871127EF360600CA4E5D /* TrollTL.swift in Sources */,
				AAE886D627EE115A00CA4E5D /* NodeNames.swift in Sources */,
				AACC7BE727FB2C9B0022384E /* WallTL.swift in Sources */,
				AACC7BE927FB2CFF0022384E /* BallistaFactory.swift in Sources */,
				87B606BD2878FF0C003549AF /* EnemyWavesCreator.swift in Sources */,
				AA7801F927E20291002C57E1 /* HomePageAssembly.swift in Sources */,
				AA7801FF27E20291002C57E1 /* HomePageInteractorInput.swift in Sources */,
				AAE886FB27EF317400CA4E5D /* Enemy.swift in Sources */,
				AACC7BD927FB28000022384E /* MagicTowerTL.swift in Sources */,
				AA78022627E207C2002C57E1 /* DataManager.swift in Sources */,
				AAE886EE27EEFFE000CA4E5D /* EnemyPositionManager.swift in Sources */,
				AA78023F27E20B8E002C57E1 /* BattleFieldViewInput.swift in Sources */,
				AACC7BEB27FB2D0B0022384E /* WallFactory.swift in Sources */,
				87ECCC5A2878E8A800E66C09 /* BattleMissionEnums.swift in Sources */,
				87D51618285CC1BD00E3D7B8 /* Battle.swift in Sources */,
				8711C628286F945500E84876 /* OneEnemiesTypeWave.swift in Sources */,
				AA7801B727E200B6002C57E1 /* SceneDelegate.swift in Sources */,
				87ECCC562878E84F00E66C09 /* BattleMissionFactory.swift in Sources */,
				AACC7BDD27FB2C1A0022384E /* BallistaFL.swift in Sources */,
				AAF4C9D727E8D9E500D5B6F8 /* EnemiesManager.swift in Sources */,
				AAE886FF27EF33A600CA4E5D /* OrcSL.swift in Sources */,
				AACC7BD227FAE9CD0022384E /* BuildingIcons.swift in Sources */,
				87ECCC582878E87400E66C09 /* BattleMission.swift in Sources */,
				AA0B68D827E5FD7F0078003D /* TowerSelectionPanel.swift in Sources */,
				AAF4C9D927E8DA0300D5B6F8 /* BuildingsManager.swift in Sources */,
				AA78023E27E20B8E002C57E1 /* BattleFieldViewOutput.swift in Sources */,
				875CB7DC28327D98003B4412 /* Extensions.swift in Sources */,
				AACC7BE127FB2C850022384E /* BallistaSL.swift in Sources */,
				AACC7BE327FB2C8C0022384E /* BallistaTL.swift in Sources */,
				AA78023D27E20B8E002C57E1 /* BattleFieldViewController.swift in Sources */,
			);
			runOnlyForDeploymentPostprocessing = 0;
		};
		AA7801C327E200BA002C57E1 /* Sources */ = {
			isa = PBXSourcesBuildPhase;
			buildActionMask = 2147483647;
			files = (
			);
			runOnlyForDeploymentPostprocessing = 0;
		};
		AA7801CD27E200BA002C57E1 /* Sources */ = {
			isa = PBXSourcesBuildPhase;
			buildActionMask = 2147483647;
			files = (
			);
			runOnlyForDeploymentPostprocessing = 0;
		};
/* End PBXSourcesBuildPhase section */

/* Begin PBXTargetDependency section */
		AA7801C927E200BA002C57E1 /* PBXTargetDependency */ = {
			isa = PBXTargetDependency;
			target = AA7801B027E200B6002C57E1 /* Defend It */;
			targetProxy = AA7801C827E200BA002C57E1 /* PBXContainerItemProxy */;
		};
		AA7801D327E200BA002C57E1 /* PBXTargetDependency */ = {
			isa = PBXTargetDependency;
			target = AA7801B027E200B6002C57E1 /* Defend It */;
			targetProxy = AA7801D227E200BA002C57E1 /* PBXContainerItemProxy */;
		};
/* End PBXTargetDependency section */

/* Begin PBXVariantGroup section */
		AA7801BF27E200BA002C57E1 /* LaunchScreen.storyboard */ = {
			isa = PBXVariantGroup;
			children = (
				AA7801C027E200BA002C57E1 /* Base */,
			);
			name = LaunchScreen.storyboard;
			sourceTree = "<group>";
		};
/* End PBXVariantGroup section */

/* Begin XCBuildConfiguration section */
		AA7801D927E200BA002C57E1 /* Debug */ = {
			isa = XCBuildConfiguration;
			buildSettings = {
				ALWAYS_SEARCH_USER_PATHS = NO;
				CLANG_ANALYZER_NONNULL = YES;
				CLANG_ANALYZER_NUMBER_OBJECT_CONVERSION = YES_AGGRESSIVE;
				CLANG_CXX_LANGUAGE_STANDARD = "gnu++17";
				CLANG_CXX_LIBRARY = "libc++";
				CLANG_ENABLE_MODULES = YES;
				CLANG_ENABLE_OBJC_ARC = YES;
				CLANG_ENABLE_OBJC_WEAK = YES;
				CLANG_WARN_BLOCK_CAPTURE_AUTORELEASING = YES;
				CLANG_WARN_BOOL_CONVERSION = YES;
				CLANG_WARN_COMMA = YES;
				CLANG_WARN_CONSTANT_CONVERSION = YES;
				CLANG_WARN_DEPRECATED_OBJC_IMPLEMENTATIONS = YES;
				CLANG_WARN_DIRECT_OBJC_ISA_USAGE = YES_ERROR;
				CLANG_WARN_DOCUMENTATION_COMMENTS = YES;
				CLANG_WARN_EMPTY_BODY = YES;
				CLANG_WARN_ENUM_CONVERSION = YES;
				CLANG_WARN_INFINITE_RECURSION = YES;
				CLANG_WARN_INT_CONVERSION = YES;
				CLANG_WARN_NON_LITERAL_NULL_CONVERSION = YES;
				CLANG_WARN_OBJC_IMPLICIT_RETAIN_SELF = YES;
				CLANG_WARN_OBJC_LITERAL_CONVERSION = YES;
				CLANG_WARN_OBJC_ROOT_CLASS = YES_ERROR;
				CLANG_WARN_QUOTED_INCLUDE_IN_FRAMEWORK_HEADER = YES;
				CLANG_WARN_RANGE_LOOP_ANALYSIS = YES;
				CLANG_WARN_STRICT_PROTOTYPES = YES;
				CLANG_WARN_SUSPICIOUS_MOVE = YES;
				CLANG_WARN_UNGUARDED_AVAILABILITY = YES_AGGRESSIVE;
				CLANG_WARN_UNREACHABLE_CODE = YES;
				CLANG_WARN__DUPLICATE_METHOD_MATCH = YES;
				COPY_PHASE_STRIP = NO;
				DEBUG_INFORMATION_FORMAT = dwarf;
				ENABLE_STRICT_OBJC_MSGSEND = YES;
				ENABLE_TESTABILITY = YES;
				GCC_C_LANGUAGE_STANDARD = gnu11;
				GCC_DYNAMIC_NO_PIC = NO;
				GCC_NO_COMMON_BLOCKS = YES;
				GCC_OPTIMIZATION_LEVEL = 0;
				GCC_PREPROCESSOR_DEFINITIONS = (
					"DEBUG=1",
					"$(inherited)",
				);
				GCC_WARN_64_TO_32_BIT_CONVERSION = YES;
				GCC_WARN_ABOUT_RETURN_TYPE = YES_ERROR;
				GCC_WARN_UNDECLARED_SELECTOR = YES;
				GCC_WARN_UNINITIALIZED_AUTOS = YES_AGGRESSIVE;
				GCC_WARN_UNUSED_FUNCTION = YES;
				GCC_WARN_UNUSED_VARIABLE = YES;
				IPHONEOS_DEPLOYMENT_TARGET = 15.2;
				MTL_ENABLE_DEBUG_INFO = INCLUDE_SOURCE;
				MTL_FAST_MATH = YES;
				ONLY_ACTIVE_ARCH = YES;
				SDKROOT = iphoneos;
				SWIFT_ACTIVE_COMPILATION_CONDITIONS = DEBUG;
				SWIFT_OPTIMIZATION_LEVEL = "-Onone";
			};
			name = Debug;
		};
		AA7801DA27E200BA002C57E1 /* Release */ = {
			isa = XCBuildConfiguration;
			buildSettings = {
				ALWAYS_SEARCH_USER_PATHS = NO;
				CLANG_ANALYZER_NONNULL = YES;
				CLANG_ANALYZER_NUMBER_OBJECT_CONVERSION = YES_AGGRESSIVE;
				CLANG_CXX_LANGUAGE_STANDARD = "gnu++17";
				CLANG_CXX_LIBRARY = "libc++";
				CLANG_ENABLE_MODULES = YES;
				CLANG_ENABLE_OBJC_ARC = YES;
				CLANG_ENABLE_OBJC_WEAK = YES;
				CLANG_WARN_BLOCK_CAPTURE_AUTORELEASING = YES;
				CLANG_WARN_BOOL_CONVERSION = YES;
				CLANG_WARN_COMMA = YES;
				CLANG_WARN_CONSTANT_CONVERSION = YES;
				CLANG_WARN_DEPRECATED_OBJC_IMPLEMENTATIONS = YES;
				CLANG_WARN_DIRECT_OBJC_ISA_USAGE = YES_ERROR;
				CLANG_WARN_DOCUMENTATION_COMMENTS = YES;
				CLANG_WARN_EMPTY_BODY = YES;
				CLANG_WARN_ENUM_CONVERSION = YES;
				CLANG_WARN_INFINITE_RECURSION = YES;
				CLANG_WARN_INT_CONVERSION = YES;
				CLANG_WARN_NON_LITERAL_NULL_CONVERSION = YES;
				CLANG_WARN_OBJC_IMPLICIT_RETAIN_SELF = YES;
				CLANG_WARN_OBJC_LITERAL_CONVERSION = YES;
				CLANG_WARN_OBJC_ROOT_CLASS = YES_ERROR;
				CLANG_WARN_QUOTED_INCLUDE_IN_FRAMEWORK_HEADER = YES;
				CLANG_WARN_RANGE_LOOP_ANALYSIS = YES;
				CLANG_WARN_STRICT_PROTOTYPES = YES;
				CLANG_WARN_SUSPICIOUS_MOVE = YES;
				CLANG_WARN_UNGUARDED_AVAILABILITY = YES_AGGRESSIVE;
				CLANG_WARN_UNREACHABLE_CODE = YES;
				CLANG_WARN__DUPLICATE_METHOD_MATCH = YES;
				COPY_PHASE_STRIP = NO;
				DEBUG_INFORMATION_FORMAT = "dwarf-with-dsym";
				ENABLE_NS_ASSERTIONS = NO;
				ENABLE_STRICT_OBJC_MSGSEND = YES;
				GCC_C_LANGUAGE_STANDARD = gnu11;
				GCC_NO_COMMON_BLOCKS = YES;
				GCC_WARN_64_TO_32_BIT_CONVERSION = YES;
				GCC_WARN_ABOUT_RETURN_TYPE = YES_ERROR;
				GCC_WARN_UNDECLARED_SELECTOR = YES;
				GCC_WARN_UNINITIALIZED_AUTOS = YES_AGGRESSIVE;
				GCC_WARN_UNUSED_FUNCTION = YES;
				GCC_WARN_UNUSED_VARIABLE = YES;
				IPHONEOS_DEPLOYMENT_TARGET = 15.2;
				MTL_ENABLE_DEBUG_INFO = NO;
				MTL_FAST_MATH = YES;
				SDKROOT = iphoneos;
				SWIFT_COMPILATION_MODE = wholemodule;
				SWIFT_OPTIMIZATION_LEVEL = "-O";
				VALIDATE_PRODUCT = YES;
			};
			name = Release;
		};
		AA7801DC27E200BA002C57E1 /* Debug */ = {
			isa = XCBuildConfiguration;
			buildSettings = {
				ASSETCATALOG_COMPILER_APPICON_NAME = AppIcon;
				ASSETCATALOG_COMPILER_GLOBAL_ACCENT_COLOR_NAME = AccentColor;
				CODE_SIGN_STYLE = Automatic;
				CURRENT_PROJECT_VERSION = 1;
				DEVELOPMENT_TEAM = BGTZ6TGNVV;
				GENERATE_INFOPLIST_FILE = YES;
				INFOPLIST_FILE = "Defend It/Info.plist";
				INFOPLIST_KEY_CFBundleDisplayName = "Defend It";
				INFOPLIST_KEY_UIApplicationSupportsIndirectInputEvents = YES;
				INFOPLIST_KEY_UILaunchStoryboardName = LaunchScreen;
				INFOPLIST_KEY_UISupportedInterfaceOrientations = "UIInterfaceOrientationLandscapeLeft UIInterfaceOrientationLandscapeRight UIInterfaceOrientationPortrait";
				INFOPLIST_KEY_UISupportedInterfaceOrientations_iPad = "UIInterfaceOrientationPortrait UIInterfaceOrientationPortraitUpsideDown UIInterfaceOrientationLandscapeLeft UIInterfaceOrientationLandscapeRight";
				INFOPLIST_KEY_UISupportedInterfaceOrientations_iPhone = "UIInterfaceOrientationPortrait UIInterfaceOrientationLandscapeLeft UIInterfaceOrientationLandscapeRight";
				IPHONEOS_DEPLOYMENT_TARGET = 13.0;
				LD_RUNPATH_SEARCH_PATHS = (
					"$(inherited)",
					"@executable_path/Frameworks",
				);
				MARKETING_VERSION = 1.0;
				PRODUCT_BUNDLE_IDENTIFIER = "RomaId.Defend-It";
				PRODUCT_NAME = "$(TARGET_NAME)";
				SWIFT_EMIT_LOC_STRINGS = YES;
				SWIFT_VERSION = 5.0;
				TARGETED_DEVICE_FAMILY = "1,2";
			};
			name = Debug;
		};
		AA7801DD27E200BA002C57E1 /* Release */ = {
			isa = XCBuildConfiguration;
			buildSettings = {
				ASSETCATALOG_COMPILER_APPICON_NAME = AppIcon;
				ASSETCATALOG_COMPILER_GLOBAL_ACCENT_COLOR_NAME = AccentColor;
				CODE_SIGN_STYLE = Automatic;
				CURRENT_PROJECT_VERSION = 1;
				DEVELOPMENT_TEAM = BGTZ6TGNVV;
				GENERATE_INFOPLIST_FILE = YES;
				INFOPLIST_FILE = "Defend It/Info.plist";
				INFOPLIST_KEY_CFBundleDisplayName = "Defend It";
				INFOPLIST_KEY_UIApplicationSupportsIndirectInputEvents = YES;
				INFOPLIST_KEY_UILaunchStoryboardName = LaunchScreen;
				INFOPLIST_KEY_UISupportedInterfaceOrientations = "UIInterfaceOrientationLandscapeLeft UIInterfaceOrientationLandscapeRight UIInterfaceOrientationPortrait";
				INFOPLIST_KEY_UISupportedInterfaceOrientations_iPad = "UIInterfaceOrientationPortrait UIInterfaceOrientationPortraitUpsideDown UIInterfaceOrientationLandscapeLeft UIInterfaceOrientationLandscapeRight";
				INFOPLIST_KEY_UISupportedInterfaceOrientations_iPhone = "UIInterfaceOrientationPortrait UIInterfaceOrientationLandscapeLeft UIInterfaceOrientationLandscapeRight";
				IPHONEOS_DEPLOYMENT_TARGET = 13.0;
				LD_RUNPATH_SEARCH_PATHS = (
					"$(inherited)",
					"@executable_path/Frameworks",
				);
				MARKETING_VERSION = 1.0;
				PRODUCT_BUNDLE_IDENTIFIER = "RomaId.Defend-It";
				PRODUCT_NAME = "$(TARGET_NAME)";
				SWIFT_EMIT_LOC_STRINGS = YES;
				SWIFT_VERSION = 5.0;
				TARGETED_DEVICE_FAMILY = "1,2";
			};
			name = Release;
		};
		AA7801DF27E200BA002C57E1 /* Debug */ = {
			isa = XCBuildConfiguration;
			buildSettings = {
				ALWAYS_EMBED_SWIFT_STANDARD_LIBRARIES = YES;
				BUNDLE_LOADER = "$(TEST_HOST)";
				CODE_SIGN_STYLE = Automatic;
				CURRENT_PROJECT_VERSION = 1;
				DEVELOPMENT_TEAM = BGTZ6TGNVV;
				GENERATE_INFOPLIST_FILE = YES;
				IPHONEOS_DEPLOYMENT_TARGET = 15.2;
				MARKETING_VERSION = 1.0;
				PRODUCT_BUNDLE_IDENTIFIER = "MyId.Defend-ItTests";
				PRODUCT_NAME = "$(TARGET_NAME)";
				SWIFT_EMIT_LOC_STRINGS = NO;
				SWIFT_VERSION = 5.0;
				TARGETED_DEVICE_FAMILY = "1,2";
				TEST_HOST = "$(BUILT_PRODUCTS_DIR)/Defend It.app/Defend It";
			};
			name = Debug;
		};
		AA7801E027E200BA002C57E1 /* Release */ = {
			isa = XCBuildConfiguration;
			buildSettings = {
				ALWAYS_EMBED_SWIFT_STANDARD_LIBRARIES = YES;
				BUNDLE_LOADER = "$(TEST_HOST)";
				CODE_SIGN_STYLE = Automatic;
				CURRENT_PROJECT_VERSION = 1;
				DEVELOPMENT_TEAM = BGTZ6TGNVV;
				GENERATE_INFOPLIST_FILE = YES;
				IPHONEOS_DEPLOYMENT_TARGET = 15.2;
				MARKETING_VERSION = 1.0;
				PRODUCT_BUNDLE_IDENTIFIER = "MyId.Defend-ItTests";
				PRODUCT_NAME = "$(TARGET_NAME)";
				SWIFT_EMIT_LOC_STRINGS = NO;
				SWIFT_VERSION = 5.0;
				TARGETED_DEVICE_FAMILY = "1,2";
				TEST_HOST = "$(BUILT_PRODUCTS_DIR)/Defend It.app/Defend It";
			};
			name = Release;
		};
		AA7801E227E200BA002C57E1 /* Debug */ = {
			isa = XCBuildConfiguration;
			buildSettings = {
				ALWAYS_EMBED_SWIFT_STANDARD_LIBRARIES = YES;
				CODE_SIGN_STYLE = Automatic;
				CURRENT_PROJECT_VERSION = 1;
				DEVELOPMENT_TEAM = BGTZ6TGNVV;
				GENERATE_INFOPLIST_FILE = YES;
				MARKETING_VERSION = 1.0;
				PRODUCT_BUNDLE_IDENTIFIER = "MyId.Defend-ItUITests";
				PRODUCT_NAME = "$(TARGET_NAME)";
				SWIFT_EMIT_LOC_STRINGS = NO;
				SWIFT_VERSION = 5.0;
				TARGETED_DEVICE_FAMILY = "1,2";
				TEST_TARGET_NAME = "Defend It";
			};
			name = Debug;
		};
		AA7801E327E200BA002C57E1 /* Release */ = {
			isa = XCBuildConfiguration;
			buildSettings = {
				ALWAYS_EMBED_SWIFT_STANDARD_LIBRARIES = YES;
				CODE_SIGN_STYLE = Automatic;
				CURRENT_PROJECT_VERSION = 1;
				DEVELOPMENT_TEAM = BGTZ6TGNVV;
				GENERATE_INFOPLIST_FILE = YES;
				MARKETING_VERSION = 1.0;
				PRODUCT_BUNDLE_IDENTIFIER = "MyId.Defend-ItUITests";
				PRODUCT_NAME = "$(TARGET_NAME)";
				SWIFT_EMIT_LOC_STRINGS = NO;
				SWIFT_VERSION = 5.0;
				TARGETED_DEVICE_FAMILY = "1,2";
				TEST_TARGET_NAME = "Defend It";
			};
			name = Release;
		};
/* End XCBuildConfiguration section */

/* Begin XCConfigurationList section */
		AA7801AC27E200B5002C57E1 /* Build configuration list for PBXProject "Defend It" */ = {
			isa = XCConfigurationList;
			buildConfigurations = (
				AA7801D927E200BA002C57E1 /* Debug */,
				AA7801DA27E200BA002C57E1 /* Release */,
			);
			defaultConfigurationIsVisible = 0;
			defaultConfigurationName = Release;
		};
		AA7801DB27E200BA002C57E1 /* Build configuration list for PBXNativeTarget "Defend It" */ = {
			isa = XCConfigurationList;
			buildConfigurations = (
				AA7801DC27E200BA002C57E1 /* Debug */,
				AA7801DD27E200BA002C57E1 /* Release */,
			);
			defaultConfigurationIsVisible = 0;
			defaultConfigurationName = Release;
		};
		AA7801DE27E200BA002C57E1 /* Build configuration list for PBXNativeTarget "Defend ItTests" */ = {
			isa = XCConfigurationList;
			buildConfigurations = (
				AA7801DF27E200BA002C57E1 /* Debug */,
				AA7801E027E200BA002C57E1 /* Release */,
			);
			defaultConfigurationIsVisible = 0;
			defaultConfigurationName = Release;
		};
		AA7801E127E200BA002C57E1 /* Build configuration list for PBXNativeTarget "Defend ItUITests" */ = {
			isa = XCConfigurationList;
			buildConfigurations = (
				AA7801E227E200BA002C57E1 /* Debug */,
				AA7801E327E200BA002C57E1 /* Release */,
			);
			defaultConfigurationIsVisible = 0;
			defaultConfigurationName = Release;
		};
/* End XCConfigurationList section */
	};
	rootObject = AA7801A927E200B5002C57E1 /* Project object */;
}
